// !$*UTF8*$!
{
	archiveVersion = 1;
	classes = {
	};
	objectVersion = 50;
	objects = {

/* Begin PBXBuildFile section */
		050279802142AFA50094CC40 /* PlayListViewController.swift in Sources */ = {isa = PBXBuildFile; fileRef = 0502797D2142AFA40094CC40 /* PlayListViewController.swift */; };
		050279812142AFA50094CC40 /* FileListViewController.swift in Sources */ = {isa = PBXBuildFile; fileRef = 0502797E2142AFA40094CC40 /* FileListViewController.swift */; };
		050279822142AFA50094CC40 /* SettingsViewController.swift in Sources */ = {isa = PBXBuildFile; fileRef = 0502797F2142AFA50094CC40 /* SettingsViewController.swift */; };
		050279842142BDA70094CC40 /* global.swift in Sources */ = {isa = PBXBuildFile; fileRef = 050279832142BDA70094CC40 /* global.swift */; };
		0502798B214809580094CC40 /* AudioData.swift in Sources */ = {isa = PBXBuildFile; fileRef = 0502798A214809580094CC40 /* AudioData.swift */; };
		0502798D21480BA00094CC40 /* FileListViewCell.swift in Sources */ = {isa = PBXBuildFile; fileRef = 0502798C21480B9F0094CC40 /* FileListViewCell.swift */; };
		0502798F21492ED20094CC40 /* DownloadFileManager.swift in Sources */ = {isa = PBXBuildFile; fileRef = 0502798E21492ED20094CC40 /* DownloadFileManager.swift */; };
		05027991214959750094CC40 /* AudioPlayManager.swift in Sources */ = {isa = PBXBuildFile; fileRef = 05027990214959750094CC40 /* AudioPlayManager.swift */; };
		05027993214BDCE30094CC40 /* DropboxFileListManager.swift in Sources */ = {isa = PBXBuildFile; fileRef = 05027992214BDCE30094CC40 /* DropboxFileListManager.swift */; };
		05027995214BE87E0094CC40 /* FileInfo.swift in Sources */ = {isa = PBXBuildFile; fileRef = 05027994214BE87E0094CC40 /* FileInfo.swift */; };
		0533A59D214D72AE006E625A /* play.png in Resources */ = {isa = PBXBuildFile; fileRef = 0533A59B214D72AE006E625A /* play.png */; };
		0533A5A2214D7B8B006E625A /* UIImage+Resize.swift in Sources */ = {isa = PBXBuildFile; fileRef = 0533A5A1214D7B8B006E625A /* UIImage+Resize.swift */; };
		0533A5C0214EAAE3006E625A /* appicon-60@2x.png in Resources */ = {isa = PBXBuildFile; fileRef = 0533A5AE214EAAE2006E625A /* appicon-60@2x.png */; };
		0533A5C1214EAAE3006E625A /* appicon.png in Resources */ = {isa = PBXBuildFile; fileRef = 0533A5AF214EAAE2006E625A /* appicon.png */; };
		0533A5C2214EAAE3006E625A /* appicon-60@3x.png in Resources */ = {isa = PBXBuildFile; fileRef = 0533A5B0214EAAE2006E625A /* appicon-60@3x.png */; };
		0533A5C3214EAAE3006E625A /* appicon-Small-50@2x.png in Resources */ = {isa = PBXBuildFile; fileRef = 0533A5B1214EAAE2006E625A /* appicon-Small-50@2x.png */; };
		0533A5C4214EAAE3006E625A /* appicon-72.png in Resources */ = {isa = PBXBuildFile; fileRef = 0533A5B2214EAAE2006E625A /* appicon-72.png */; };
		0533A5C5214EAAE3006E625A /* appicon-72@2x.png in Resources */ = {isa = PBXBuildFile; fileRef = 0533A5B3214EAAE2006E625A /* appicon-72@2x.png */; };
		0533A5C6214EAAE3006E625A /* iTunesArtwork@2x in Resources */ = {isa = PBXBuildFile; fileRef = 0533A5B4214EAAE2006E625A /* iTunesArtwork@2x */; };
		0533A5C7214EAAE3006E625A /* appicon-76.png in Resources */ = {isa = PBXBuildFile; fileRef = 0533A5B5214EAAE3006E625A /* appicon-76.png */; };
		0533A5C8214EAAE3006E625A /* appicon-Small-40.png in Resources */ = {isa = PBXBuildFile; fileRef = 0533A5B6214EAAE3006E625A /* appicon-Small-40.png */; };
		0533A5C9214EAAE3006E625A /* appicon-Small-40@2x.png in Resources */ = {isa = PBXBuildFile; fileRef = 0533A5B7214EAAE3006E625A /* appicon-Small-40@2x.png */; };
		0533A5CA214EAAE3006E625A /* appicon-Small-50.png in Resources */ = {isa = PBXBuildFile; fileRef = 0533A5B8214EAAE3006E625A /* appicon-Small-50.png */; };
		0533A5CB214EAAE3006E625A /* appicon-Small.png in Resources */ = {isa = PBXBuildFile; fileRef = 0533A5B9214EAAE3006E625A /* appicon-Small.png */; };
		0533A5CC214EAAE3006E625A /* appicon-Small@2x.png in Resources */ = {isa = PBXBuildFile; fileRef = 0533A5BA214EAAE3006E625A /* appicon-Small@2x.png */; };
		0533A5CD214EAAE3006E625A /* appicon@2x.png in Resources */ = {isa = PBXBuildFile; fileRef = 0533A5BB214EAAE3006E625A /* appicon@2x.png */; };
		0533A5CE214EAAE3006E625A /* iTunesArtwork in Resources */ = {isa = PBXBuildFile; fileRef = 0533A5BC214EAAE3006E625A /* iTunesArtwork */; };
		0533A5CF214EAAE3006E625A /* appicon-76@2x.png in Resources */ = {isa = PBXBuildFile; fileRef = 0533A5BD214EAAE3006E625A /* appicon-76@2x.png */; };
		0533A5D0214EAAE3006E625A /* appicon-83.5@2x.png in Resources */ = {isa = PBXBuildFile; fileRef = 0533A5BE214EAAE3006E625A /* appicon-83.5@2x.png */; };
		0533A5D1214EAAE3006E625A /* appicon-Small@3x.png in Resources */ = {isa = PBXBuildFile; fileRef = 0533A5BF214EAAE3006E625A /* appicon-Small@3x.png */; };
		0533A5D4215003D7006E625A /* UIColor+UIImage.swift in Sources */ = {isa = PBXBuildFile; fileRef = 0533A5D3215003D7006E625A /* UIColor+UIImage.swift */; };
		0533A5D7215063F2006E625A /* String+Digest.swift in Sources */ = {isa = PBXBuildFile; fileRef = 0533A5D6215063F2006E625A /* String+Digest.swift */; };
		0533A5DA21513E09006E625A /* AudioPlayStatusView.swift in Sources */ = {isa = PBXBuildFile; fileRef = 0533A5D921513E09006E625A /* AudioPlayStatusView.swift */; };
		0533A5E121514C14006E625A /* AudioPlayerPresentationController.swift in Sources */ = {isa = PBXBuildFile; fileRef = 0533A5E021514C14006E625A /* AudioPlayerPresentationController.swift */; };
		05617F4A215273620025F07E /* close.png in Resources */ = {isa = PBXBuildFile; fileRef = 05617F49215273610025F07E /* close.png */; };
		05617F4C215273B30025F07E /* down.png in Resources */ = {isa = PBXBuildFile; fileRef = 05617F4B215273B30025F07E /* down.png */; };
		05617F50215290250025F07E /* pause.png in Resources */ = {isa = PBXBuildFile; fileRef = 05617F4F215290250025F07E /* pause.png */; };
		05617F5F2153C99B0025F07E /* PlayListViewCell.swift in Sources */ = {isa = PBXBuildFile; fileRef = 05617F5E2153C99B0025F07E /* PlayListViewCell.swift */; };
		05617F612153CC690025F07E /* PlayListData.swift in Sources */ = {isa = PBXBuildFile; fileRef = 05617F602153CC690025F07E /* PlayListData.swift */; };
		05617F662153DD1C0025F07E /* tab_settings.png in Resources */ = {isa = PBXBuildFile; fileRef = 05617F622153DD1B0025F07E /* tab_settings.png */; };
		05617F672153DD1C0025F07E /* tab_playlist.png in Resources */ = {isa = PBXBuildFile; fileRef = 05617F632153DD1B0025F07E /* tab_playlist.png */; };
		05617F682153DD1C0025F07E /* twitter.png in Resources */ = {isa = PBXBuildFile; fileRef = 05617F642153DD1B0025F07E /* twitter.png */; };
		05617F692153DD1C0025F07E /* tab_cloud.png in Resources */ = {isa = PBXBuildFile; fileRef = 05617F652153DD1C0025F07E /* tab_cloud.png */; };
		05617F6B2156786B0025F07E /* PlayListManageData.swift in Sources */ = {isa = PBXBuildFile; fileRef = 05617F6A2156786B0025F07E /* PlayListManageData.swift */; };
		05617F72215D02900025F07E /* icon_shuffle.png in Resources */ = {isa = PBXBuildFile; fileRef = 05617F70215D028F0025F07E /* icon_shuffle.png */; };
		05617F73215D02900025F07E /* icon_nonshuffle.png in Resources */ = {isa = PBXBuildFile; fileRef = 05617F71215D028F0025F07E /* icon_nonshuffle.png */; };
		05617F76215D06FD0025F07E /* icon_back.png in Resources */ = {isa = PBXBuildFile; fileRef = 05617F74215D06FD0025F07E /* icon_back.png */; };
		05617F77215D06FD0025F07E /* icon_next.png in Resources */ = {isa = PBXBuildFile; fileRef = 05617F75215D06FD0025F07E /* icon_next.png */; };
		056AF8CB214BFFA400A5E497 /* icon_cell_audio.png in Resources */ = {isa = PBXBuildFile; fileRef = 056AF8C8214BFFA400A5E497 /* icon_cell_audio.png */; };
		056AF8CC214BFFA400A5E497 /* icon_cell_question.png in Resources */ = {isa = PBXBuildFile; fileRef = 056AF8C9214BFFA400A5E497 /* icon_cell_question.png */; };
		056AF8CD214BFFA400A5E497 /* icon_cell_folder.png in Resources */ = {isa = PBXBuildFile; fileRef = 056AF8CA214BFFA400A5E497 /* icon_cell_folder.png */; };
		056AF8D7214D416600A5E497 /* icon_repeat_one.png in Resources */ = {isa = PBXBuildFile; fileRef = 056AF8D4214D416600A5E497 /* icon_repeat_one.png */; };
		056AF8D9214D416600A5E497 /* icon_repeat.png in Resources */ = {isa = PBXBuildFile; fileRef = 056AF8D6214D416600A5E497 /* icon_repeat.png */; };
		056AF8DD214D4DF100A5E497 /* icon_playlist.png in Resources */ = {isa = PBXBuildFile; fileRef = 056AF8DC214D4DF100A5E497 /* icon_playlist.png */; };
		05841A6B224BB4290054E51C /* MusicPlayerView.xib in Resources */ = {isa = PBXBuildFile; fileRef = 05841A6A224BB4290054E51C /* MusicPlayerView.xib */; };
		05841A6D224BBA4B0054E51C /* icon_menu.png in Resources */ = {isa = PBXBuildFile; fileRef = 05841A6C224BBA4A0054E51C /* icon_menu.png */; };
		05841A71225B99930054E51C /* AudioPlayStatusView.xib in Resources */ = {isa = PBXBuildFile; fileRef = 05841A70225B99930054E51C /* AudioPlayStatusView.xib */; };
		05A016B2213ED0A40057B459 /* AppDelegate.swift in Sources */ = {isa = PBXBuildFile; fileRef = 05A016B1213ED0A40057B459 /* AppDelegate.swift */; };
		05A016B4213ED0A40057B459 /* RootTabBarController.swift in Sources */ = {isa = PBXBuildFile; fileRef = 05A016B3213ED0A40057B459 /* RootTabBarController.swift */; };
		05A016BB213ED0AA0057B459 /* Assets.xcassets in Resources */ = {isa = PBXBuildFile; fileRef = 05A016BA213ED0AA0057B459 /* Assets.xcassets */; };
		05A016BE213ED0AA0057B459 /* LaunchScreen.storyboard in Resources */ = {isa = PBXBuildFile; fileRef = 05A016BC213ED0AA0057B459 /* LaunchScreen.storyboard */; };
		05A016C6214164300057B459 /* MusicPlayerViewController.swift in Sources */ = {isa = PBXBuildFile; fileRef = 05A016C5214164300057B459 /* MusicPlayerViewController.swift */; };
		05AB5FA0243D9E4100F34521 /* NotificationCenter.framework in Frameworks */ = {isa = PBXBuildFile; fileRef = 05AB5F9F243D9E4100F34521 /* NotificationCenter.framework */; };
		05AB5FA3243D9E4100F34521 /* TodayViewController.swift in Sources */ = {isa = PBXBuildFile; fileRef = 05AB5FA2243D9E4100F34521 /* TodayViewController.swift */; };
		05AB5FA6243D9E4100F34521 /* MainInterface.storyboard in Resources */ = {isa = PBXBuildFile; fileRef = 05AB5FA4243D9E4100F34521 /* MainInterface.storyboard */; };
		05AB5FAA243D9E4100F34521 /* TodayExtension.appex in Embed App Extensions */ = {isa = PBXBuildFile; fileRef = 05AB5F9E243D9E4100F34521 /* TodayExtension.appex */; settings = {ATTRIBUTES = (RemoveHeadersOnCopy, ); }; };
		05AB5FBE243E107E00F34521 /* TodayExtensionData.swift in Sources */ = {isa = PBXBuildFile; fileRef = 05AB5FBD243E107D00F34521 /* TodayExtensionData.swift */; };
		05AB5FBF243E107E00F34521 /* TodayExtensionData.swift in Sources */ = {isa = PBXBuildFile; fileRef = 05AB5FBD243E107D00F34521 /* TodayExtensionData.swift */; };
		05AB5FC5243EF5C500F34521 /* Pods_DropMusic.framework in Frameworks */ = {isa = PBXBuildFile; fileRef = 05AB5FC4243EF5C500F34521 /* Pods_DropMusic.framework */; };
		05E10897215D12BB001CC35F /* Array+Shuffle.swift in Sources */ = {isa = PBXBuildFile; fileRef = 05E10896215D12BB001CC35F /* Array+Shuffle.swift */; };
		05E10899215E7287001CC35F /* AudioMetadata.swift in Sources */ = {isa = PBXBuildFile; fileRef = 05E10898215E7287001CC35F /* AudioMetadata.swift */; };
		05E1089D216102E2001CC35F /* PlayListEditPresentationController.swift in Sources */ = {isa = PBXBuildFile; fileRef = 05E1089C216102E2001CC35F /* PlayListEditPresentationController.swift */; };
		05E1089F216106B8001CC35F /* PlayListEditViewController.swift in Sources */ = {isa = PBXBuildFile; fileRef = 05E1089E216106B8001CC35F /* PlayListEditViewController.swift */; };
		05E108A32164FCFC001CC35F /* PlayListSelectViewController.swift in Sources */ = {isa = PBXBuildFile; fileRef = 05E108A22164FCFC001CC35F /* PlayListSelectViewController.swift */; };
		05E108A521650B11001CC35F /* AudioListViewController.swift in Sources */ = {isa = PBXBuildFile; fileRef = 05E108A421650B11001CC35F /* AudioListViewController.swift */; };
		05E108A721650C79001CC35F /* AudioListViewCell.swift in Sources */ = {isa = PBXBuildFile; fileRef = 05E108A621650C78001CC35F /* AudioListViewCell.swift */; };
		05E108A921679A44001CC35F /* MetadataCacheManager.swift in Sources */ = {isa = PBXBuildFile; fileRef = 05E108A821679A44001CC35F /* MetadataCacheManager.swift */; };
		05E4B81423D0A00300DFFF63 /* icon_playlist_plus.png in Resources */ = {isa = PBXBuildFile; fileRef = 05E4B81323D0A00300DFFF63 /* icon_playlist_plus.png */; };
		05E4B81623D0A11B00DFFF63 /* no_image.png in Resources */ = {isa = PBXBuildFile; fileRef = 05E4B81523D0A11B00DFFF63 /* no_image.png */; };
		316964B0243CD67200B2BBC3 /* AudioPlayStatus.swift in Sources */ = {isa = PBXBuildFile; fileRef = 316964AF243CD67200B2BBC3 /* AudioPlayStatus.swift */; };
		316964B2243CD67C00B2BBC3 /* AudioPlayItem.swift in Sources */ = {isa = PBXBuildFile; fileRef = 316964B1243CD67B00B2BBC3 /* AudioPlayItem.swift */; };
		3174D8F122F177E4006DB79D /* PlayListViewCell.xib in Resources */ = {isa = PBXBuildFile; fileRef = 3174D8F022F177E4006DB79D /* PlayListViewCell.xib */; };
		31EB903023B08B90009A2C88 /* AudioListViewCell.xib in Resources */ = {isa = PBXBuildFile; fileRef = 31EB902F23B08B8F009A2C88 /* AudioListViewCell.xib */; };
		31EB903223B0A9C0009A2C88 /* FileListViewCell.xib in Resources */ = {isa = PBXBuildFile; fileRef = 31EB903123B0A9C0009A2C88 /* FileListViewCell.xib */; };
		31EB903423B1FF59009A2C88 /* AppManageData.swift in Sources */ = {isa = PBXBuildFile; fileRef = 31EB903323B1FF58009A2C88 /* AppManageData.swift */; };
		31EB903623B20002009A2C88 /* FavoriteManageData.swift in Sources */ = {isa = PBXBuildFile; fileRef = 31EB903523B20001009A2C88 /* FavoriteManageData.swift */; };
		31EB903823B2003B009A2C88 /* FavoriteData.swift in Sources */ = {isa = PBXBuildFile; fileRef = 31EB903723B2003B009A2C88 /* FavoriteData.swift */; };
		31EB903A23B47885009A2C88 /* AppDataManager.swift in Sources */ = {isa = PBXBuildFile; fileRef = 31EB903923B47884009A2C88 /* AppDataManager.swift */; };
		31EB903C23B594E3009A2C88 /* FavoriteListViewController.swift in Sources */ = {isa = PBXBuildFile; fileRef = 31EB903B23B594E2009A2C88 /* FavoriteListViewController.swift */; };
		31EB903E23B5B000009A2C88 /* tab_favorite.png in Resources */ = {isa = PBXBuildFile; fileRef = 31EB903D23B5AFFF009A2C88 /* tab_favorite.png */; };
		31EB904023B5B201009A2C88 /* icon_favorite.png in Resources */ = {isa = PBXBuildFile; fileRef = 31EB903F23B5B201009A2C88 /* icon_favorite.png */; };
		31EB904223C316AF009A2C88 /* InitializeViewController.swift in Sources */ = {isa = PBXBuildFile; fileRef = 31EB904123C316AE009A2C88 /* InitializeViewController.swift */; };
		31EB904423C43EA0009A2C88 /* PlayListEditView.xib in Resources */ = {isa = PBXBuildFile; fileRef = 31EB904323C43E9F009A2C88 /* PlayListEditView.xib */; };
		31EB904623C450E2009A2C88 /* SettingViewCell.swift in Sources */ = {isa = PBXBuildFile; fileRef = 31EB904523C450E1009A2C88 /* SettingViewCell.swift */; };
		31EB904823C451E0009A2C88 /* SettingViewCell.xib in Resources */ = {isa = PBXBuildFile; fileRef = 31EB904723C451E0009A2C88 /* SettingViewCell.xib */; };
		31EB904A23C587FF009A2C88 /* LaunchView.xib in Resources */ = {isa = PBXBuildFile; fileRef = 31EB904923C587FE009A2C88 /* LaunchView.xib */; };
		31EB904C23C5880B009A2C88 /* LaunchView.swift in Sources */ = {isa = PBXBuildFile; fileRef = 31EB904B23C5880A009A2C88 /* LaunchView.swift */; };
		31EB904E23C58C06009A2C88 /* InitializeView.xib in Resources */ = {isa = PBXBuildFile; fileRef = 31EB904D23C58C06009A2C88 /* InitializeView.xib */; };
		648F18C27746D169254CAAE9 /* Pods_DropMusic.framework in Frameworks */ = {isa = PBXBuildFile; fileRef = D041FDFC378A8B4F452B13A2 /* Pods_DropMusic.framework */; };
/* End PBXBuildFile section */

/* Begin PBXContainerItemProxy section */
		05AB5FA8243D9E4100F34521 /* PBXContainerItemProxy */ = {
			isa = PBXContainerItemProxy;
			containerPortal = 05A016A6213ED0A40057B459 /* Project object */;
			proxyType = 1;
			remoteGlobalIDString = 05AB5F9D243D9E4100F34521;
			remoteInfo = TodayExtension;
		};
/* End PBXContainerItemProxy section */

/* Begin PBXCopyFilesBuildPhase section */
		05AB5FAB243D9E4100F34521 /* Embed App Extensions */ = {
			isa = PBXCopyFilesBuildPhase;
			buildActionMask = 2147483647;
			dstPath = "";
			dstSubfolderSpec = 13;
			files = (
				05AB5FAA243D9E4100F34521 /* TodayExtension.appex in Embed App Extensions */,
			);
			name = "Embed App Extensions";
			runOnlyForDeploymentPostprocessing = 0;
		};
/* End PBXCopyFilesBuildPhase section */

/* Begin PBXFileReference section */
		0502797D2142AFA40094CC40 /* PlayListViewController.swift */ = {isa = PBXFileReference; fileEncoding = 4; lastKnownFileType = sourcecode.swift; path = PlayListViewController.swift; sourceTree = "<group>"; };
		0502797E2142AFA40094CC40 /* FileListViewController.swift */ = {isa = PBXFileReference; fileEncoding = 4; lastKnownFileType = sourcecode.swift; path = FileListViewController.swift; sourceTree = "<group>"; };
		0502797F2142AFA50094CC40 /* SettingsViewController.swift */ = {isa = PBXFileReference; fileEncoding = 4; lastKnownFileType = sourcecode.swift; path = SettingsViewController.swift; sourceTree = "<group>"; };
		050279832142BDA70094CC40 /* global.swift */ = {isa = PBXFileReference; lastKnownFileType = sourcecode.swift; path = global.swift; sourceTree = "<group>"; };
		0502798A214809580094CC40 /* AudioData.swift */ = {isa = PBXFileReference; fileEncoding = 4; lastKnownFileType = sourcecode.swift; path = AudioData.swift; sourceTree = "<group>"; };
		0502798C21480B9F0094CC40 /* FileListViewCell.swift */ = {isa = PBXFileReference; fileEncoding = 4; lastKnownFileType = sourcecode.swift; path = FileListViewCell.swift; sourceTree = "<group>"; };
		0502798E21492ED20094CC40 /* DownloadFileManager.swift */ = {isa = PBXFileReference; lastKnownFileType = sourcecode.swift; path = DownloadFileManager.swift; sourceTree = "<group>"; };
		05027990214959750094CC40 /* AudioPlayManager.swift */ = {isa = PBXFileReference; lastKnownFileType = sourcecode.swift; path = AudioPlayManager.swift; sourceTree = "<group>"; };
		05027992214BDCE30094CC40 /* DropboxFileListManager.swift */ = {isa = PBXFileReference; lastKnownFileType = sourcecode.swift; path = DropboxFileListManager.swift; sourceTree = "<group>"; };
		05027994214BE87E0094CC40 /* FileInfo.swift */ = {isa = PBXFileReference; lastKnownFileType = sourcecode.swift; path = FileInfo.swift; sourceTree = "<group>"; };
		0533A59B214D72AE006E625A /* play.png */ = {isa = PBXFileReference; lastKnownFileType = image.png; path = play.png; sourceTree = "<group>"; };
		0533A5A1214D7B8B006E625A /* UIImage+Resize.swift */ = {isa = PBXFileReference; lastKnownFileType = sourcecode.swift; path = "UIImage+Resize.swift"; sourceTree = "<group>"; };
		0533A5AE214EAAE2006E625A /* appicon-60@2x.png */ = {isa = PBXFileReference; lastKnownFileType = image.png; path = "appicon-60@2x.png"; sourceTree = "<group>"; };
		0533A5AF214EAAE2006E625A /* appicon.png */ = {isa = PBXFileReference; lastKnownFileType = image.png; path = appicon.png; sourceTree = "<group>"; };
		0533A5B0214EAAE2006E625A /* appicon-60@3x.png */ = {isa = PBXFileReference; lastKnownFileType = image.png; path = "appicon-60@3x.png"; sourceTree = "<group>"; };
		0533A5B1214EAAE2006E625A /* appicon-Small-50@2x.png */ = {isa = PBXFileReference; lastKnownFileType = image.png; path = "appicon-Small-50@2x.png"; sourceTree = "<group>"; };
		0533A5B2214EAAE2006E625A /* appicon-72.png */ = {isa = PBXFileReference; lastKnownFileType = image.png; path = "appicon-72.png"; sourceTree = "<group>"; };
		0533A5B3214EAAE2006E625A /* appicon-72@2x.png */ = {isa = PBXFileReference; lastKnownFileType = image.png; path = "appicon-72@2x.png"; sourceTree = "<group>"; };
		0533A5B4214EAAE2006E625A /* iTunesArtwork@2x */ = {isa = PBXFileReference; lastKnownFileType = file; path = "iTunesArtwork@2x"; sourceTree = "<group>"; };
		0533A5B5214EAAE3006E625A /* appicon-76.png */ = {isa = PBXFileReference; lastKnownFileType = image.png; path = "appicon-76.png"; sourceTree = "<group>"; };
		0533A5B6214EAAE3006E625A /* appicon-Small-40.png */ = {isa = PBXFileReference; lastKnownFileType = image.png; path = "appicon-Small-40.png"; sourceTree = "<group>"; };
		0533A5B7214EAAE3006E625A /* appicon-Small-40@2x.png */ = {isa = PBXFileReference; lastKnownFileType = image.png; path = "appicon-Small-40@2x.png"; sourceTree = "<group>"; };
		0533A5B8214EAAE3006E625A /* appicon-Small-50.png */ = {isa = PBXFileReference; lastKnownFileType = image.png; path = "appicon-Small-50.png"; sourceTree = "<group>"; };
		0533A5B9214EAAE3006E625A /* appicon-Small.png */ = {isa = PBXFileReference; lastKnownFileType = image.png; path = "appicon-Small.png"; sourceTree = "<group>"; };
		0533A5BA214EAAE3006E625A /* appicon-Small@2x.png */ = {isa = PBXFileReference; lastKnownFileType = image.png; path = "appicon-Small@2x.png"; sourceTree = "<group>"; };
		0533A5BB214EAAE3006E625A /* appicon@2x.png */ = {isa = PBXFileReference; lastKnownFileType = image.png; path = "appicon@2x.png"; sourceTree = "<group>"; };
		0533A5BC214EAAE3006E625A /* iTunesArtwork */ = {isa = PBXFileReference; lastKnownFileType = file; path = iTunesArtwork; sourceTree = "<group>"; };
		0533A5BD214EAAE3006E625A /* appicon-76@2x.png */ = {isa = PBXFileReference; lastKnownFileType = image.png; path = "appicon-76@2x.png"; sourceTree = "<group>"; };
		0533A5BE214EAAE3006E625A /* appicon-83.5@2x.png */ = {isa = PBXFileReference; lastKnownFileType = image.png; path = "appicon-83.5@2x.png"; sourceTree = "<group>"; };
		0533A5BF214EAAE3006E625A /* appicon-Small@3x.png */ = {isa = PBXFileReference; lastKnownFileType = image.png; path = "appicon-Small@3x.png"; sourceTree = "<group>"; };
		0533A5D3215003D7006E625A /* UIColor+UIImage.swift */ = {isa = PBXFileReference; lastKnownFileType = sourcecode.swift; path = "UIColor+UIImage.swift"; sourceTree = "<group>"; };
		0533A5D6215063F2006E625A /* String+Digest.swift */ = {isa = PBXFileReference; lastKnownFileType = sourcecode.swift; path = "String+Digest.swift"; sourceTree = "<group>"; };
		0533A5D821506479006E625A /* BridgingHeader.h */ = {isa = PBXFileReference; lastKnownFileType = sourcecode.c.h; path = BridgingHeader.h; sourceTree = "<group>"; };
		0533A5D921513E09006E625A /* AudioPlayStatusView.swift */ = {isa = PBXFileReference; lastKnownFileType = sourcecode.swift; path = AudioPlayStatusView.swift; sourceTree = "<group>"; };
		0533A5E021514C14006E625A /* AudioPlayerPresentationController.swift */ = {isa = PBXFileReference; lastKnownFileType = sourcecode.swift; path = AudioPlayerPresentationController.swift; sourceTree = "<group>"; };
		05617F49215273610025F07E /* close.png */ = {isa = PBXFileReference; lastKnownFileType = image.png; path = close.png; sourceTree = "<group>"; };
		05617F4B215273B30025F07E /* down.png */ = {isa = PBXFileReference; lastKnownFileType = image.png; path = down.png; sourceTree = "<group>"; };
		05617F4F215290250025F07E /* pause.png */ = {isa = PBXFileReference; lastKnownFileType = image.png; path = pause.png; sourceTree = "<group>"; };
		05617F562152967A0025F07E /* QuartzCore.framework */ = {isa = PBXFileReference; lastKnownFileType = wrapper.framework; name = QuartzCore.framework; path = System/Library/Frameworks/QuartzCore.framework; sourceTree = SDKROOT; };
		05617F5E2153C99B0025F07E /* PlayListViewCell.swift */ = {isa = PBXFileReference; fileEncoding = 4; lastKnownFileType = sourcecode.swift; path = PlayListViewCell.swift; sourceTree = "<group>"; };
		05617F602153CC690025F07E /* PlayListData.swift */ = {isa = PBXFileReference; lastKnownFileType = sourcecode.swift; path = PlayListData.swift; sourceTree = "<group>"; };
		05617F622153DD1B0025F07E /* tab_settings.png */ = {isa = PBXFileReference; lastKnownFileType = image.png; path = tab_settings.png; sourceTree = "<group>"; };
		05617F632153DD1B0025F07E /* tab_playlist.png */ = {isa = PBXFileReference; lastKnownFileType = image.png; path = tab_playlist.png; sourceTree = "<group>"; };
		05617F642153DD1B0025F07E /* twitter.png */ = {isa = PBXFileReference; lastKnownFileType = image.png; path = twitter.png; sourceTree = "<group>"; };
		05617F652153DD1C0025F07E /* tab_cloud.png */ = {isa = PBXFileReference; lastKnownFileType = image.png; path = tab_cloud.png; sourceTree = "<group>"; };
		05617F6A2156786B0025F07E /* PlayListManageData.swift */ = {isa = PBXFileReference; lastKnownFileType = sourcecode.swift; path = PlayListManageData.swift; sourceTree = "<group>"; };
		05617F70215D028F0025F07E /* icon_shuffle.png */ = {isa = PBXFileReference; lastKnownFileType = image.png; path = icon_shuffle.png; sourceTree = "<group>"; };
		05617F71215D028F0025F07E /* icon_nonshuffle.png */ = {isa = PBXFileReference; lastKnownFileType = image.png; path = icon_nonshuffle.png; sourceTree = "<group>"; };
		05617F74215D06FD0025F07E /* icon_back.png */ = {isa = PBXFileReference; lastKnownFileType = image.png; path = icon_back.png; sourceTree = "<group>"; };
		05617F75215D06FD0025F07E /* icon_next.png */ = {isa = PBXFileReference; lastKnownFileType = image.png; path = icon_next.png; sourceTree = "<group>"; };
		056AF8C8214BFFA400A5E497 /* icon_cell_audio.png */ = {isa = PBXFileReference; lastKnownFileType = image.png; path = icon_cell_audio.png; sourceTree = "<group>"; };
		056AF8C9214BFFA400A5E497 /* icon_cell_question.png */ = {isa = PBXFileReference; lastKnownFileType = image.png; path = icon_cell_question.png; sourceTree = "<group>"; };
		056AF8CA214BFFA400A5E497 /* icon_cell_folder.png */ = {isa = PBXFileReference; lastKnownFileType = image.png; path = icon_cell_folder.png; sourceTree = "<group>"; };
		056AF8D4214D416600A5E497 /* icon_repeat_one.png */ = {isa = PBXFileReference; lastKnownFileType = image.png; path = icon_repeat_one.png; sourceTree = "<group>"; };
		056AF8D6214D416600A5E497 /* icon_repeat.png */ = {isa = PBXFileReference; lastKnownFileType = image.png; path = icon_repeat.png; sourceTree = "<group>"; };
		056AF8DC214D4DF100A5E497 /* icon_playlist.png */ = {isa = PBXFileReference; lastKnownFileType = image.png; path = icon_playlist.png; sourceTree = "<group>"; };
		05841A6A224BB4290054E51C /* MusicPlayerView.xib */ = {isa = PBXFileReference; lastKnownFileType = file.xib; path = MusicPlayerView.xib; sourceTree = "<group>"; };
		05841A6C224BBA4A0054E51C /* icon_menu.png */ = {isa = PBXFileReference; lastKnownFileType = image.png; path = icon_menu.png; sourceTree = "<group>"; };
		05841A70225B99930054E51C /* AudioPlayStatusView.xib */ = {isa = PBXFileReference; lastKnownFileType = file.xib; path = AudioPlayStatusView.xib; sourceTree = "<group>"; };
		05A016AE213ED0A40057B459 /* DropMusic.app */ = {isa = PBXFileReference; explicitFileType = wrapper.application; includeInIndex = 0; path = DropMusic.app; sourceTree = BUILT_PRODUCTS_DIR; };
		05A016B1213ED0A40057B459 /* AppDelegate.swift */ = {isa = PBXFileReference; lastKnownFileType = sourcecode.swift; path = AppDelegate.swift; sourceTree = "<group>"; };
		05A016B3213ED0A40057B459 /* RootTabBarController.swift */ = {isa = PBXFileReference; lastKnownFileType = sourcecode.swift; path = RootTabBarController.swift; sourceTree = "<group>"; };
		05A016BA213ED0AA0057B459 /* Assets.xcassets */ = {isa = PBXFileReference; lastKnownFileType = folder.assetcatalog; path = Assets.xcassets; sourceTree = "<group>"; };
		05A016BD213ED0AA0057B459 /* Base */ = {isa = PBXFileReference; lastKnownFileType = file.storyboard; name = Base; path = Base.lproj/LaunchScreen.storyboard; sourceTree = "<group>"; };
		05A016BF213ED0AA0057B459 /* Info.plist */ = {isa = PBXFileReference; lastKnownFileType = text.plist.xml; path = Info.plist; sourceTree = "<group>"; };
		05A016C5214164300057B459 /* MusicPlayerViewController.swift */ = {isa = PBXFileReference; lastKnownFileType = sourcecode.swift; path = MusicPlayerViewController.swift; sourceTree = "<group>"; };
		05AB5F9E243D9E4100F34521 /* TodayExtension.appex */ = {isa = PBXFileReference; explicitFileType = "wrapper.app-extension"; includeInIndex = 0; path = TodayExtension.appex; sourceTree = BUILT_PRODUCTS_DIR; };
		05AB5F9F243D9E4100F34521 /* NotificationCenter.framework */ = {isa = PBXFileReference; lastKnownFileType = wrapper.framework; name = NotificationCenter.framework; path = System/Library/Frameworks/NotificationCenter.framework; sourceTree = SDKROOT; };
		05AB5FA2243D9E4100F34521 /* TodayViewController.swift */ = {isa = PBXFileReference; lastKnownFileType = sourcecode.swift; path = TodayViewController.swift; sourceTree = "<group>"; };
		05AB5FA5243D9E4100F34521 /* Base */ = {isa = PBXFileReference; lastKnownFileType = file.storyboard; name = Base; path = Base.lproj/MainInterface.storyboard; sourceTree = "<group>"; };
		05AB5FA7243D9E4100F34521 /* Info.plist */ = {isa = PBXFileReference; lastKnownFileType = text.plist.xml; path = Info.plist; sourceTree = "<group>"; };
		05AB5FAF243DA04500F34521 /* TodayExtension.entitlements */ = {isa = PBXFileReference; lastKnownFileType = text.plist.entitlements; path = TodayExtension.entitlements; sourceTree = "<group>"; };
		05AB5FB0243DA06500F34521 /* DropMusic.entitlements */ = {isa = PBXFileReference; lastKnownFileType = text.plist.entitlements; path = DropMusic.entitlements; sourceTree = "<group>"; };
		05AB5FBB243DD5F600F34521 /* Pods_DropMusic.framework */ = {isa = PBXFileReference; explicitFileType = wrapper.framework; path = Pods_DropMusic.framework; sourceTree = BUILT_PRODUCTS_DIR; };
		05AB5FBD243E107D00F34521 /* TodayExtensionData.swift */ = {isa = PBXFileReference; lastKnownFileType = sourcecode.swift; path = TodayExtensionData.swift; sourceTree = "<group>"; };
		05AB5FC0243EF59300F34521 /* MarqueeLabel.framework */ = {isa = PBXFileReference; explicitFileType = wrapper.framework; path = MarqueeLabel.framework; sourceTree = BUILT_PRODUCTS_DIR; };
		05AB5FC4243EF5C500F34521 /* Pods_DropMusic.framework */ = {isa = PBXFileReference; explicitFileType = wrapper.framework; path = Pods_DropMusic.framework; sourceTree = BUILT_PRODUCTS_DIR; };
		05E10896215D12BB001CC35F /* Array+Shuffle.swift */ = {isa = PBXFileReference; lastKnownFileType = sourcecode.swift; path = "Array+Shuffle.swift"; sourceTree = "<group>"; };
		05E10898215E7287001CC35F /* AudioMetadata.swift */ = {isa = PBXFileReference; lastKnownFileType = sourcecode.swift; path = AudioMetadata.swift; sourceTree = "<group>"; };
		05E1089C216102E2001CC35F /* PlayListEditPresentationController.swift */ = {isa = PBXFileReference; fileEncoding = 4; lastKnownFileType = sourcecode.swift; path = PlayListEditPresentationController.swift; sourceTree = "<group>"; };
		05E1089E216106B8001CC35F /* PlayListEditViewController.swift */ = {isa = PBXFileReference; lastKnownFileType = sourcecode.swift; path = PlayListEditViewController.swift; sourceTree = "<group>"; };
		05E108A22164FCFC001CC35F /* PlayListSelectViewController.swift */ = {isa = PBXFileReference; fileEncoding = 4; lastKnownFileType = sourcecode.swift; path = PlayListSelectViewController.swift; sourceTree = "<group>"; };
		05E108A421650B11001CC35F /* AudioListViewController.swift */ = {isa = PBXFileReference; fileEncoding = 4; lastKnownFileType = sourcecode.swift; path = AudioListViewController.swift; sourceTree = "<group>"; };
		05E108A621650C78001CC35F /* AudioListViewCell.swift */ = {isa = PBXFileReference; fileEncoding = 4; lastKnownFileType = sourcecode.swift; path = AudioListViewCell.swift; sourceTree = "<group>"; };
		05E108A821679A44001CC35F /* MetadataCacheManager.swift */ = {isa = PBXFileReference; lastKnownFileType = sourcecode.swift; path = MetadataCacheManager.swift; sourceTree = "<group>"; };
		05E4B81323D0A00300DFFF63 /* icon_playlist_plus.png */ = {isa = PBXFileReference; lastKnownFileType = image.png; path = icon_playlist_plus.png; sourceTree = "<group>"; };
		05E4B81523D0A11B00DFFF63 /* no_image.png */ = {isa = PBXFileReference; lastKnownFileType = image.png; path = no_image.png; sourceTree = "<group>"; };
		316964AF243CD67200B2BBC3 /* AudioPlayStatus.swift */ = {isa = PBXFileReference; fileEncoding = 4; lastKnownFileType = sourcecode.swift; path = AudioPlayStatus.swift; sourceTree = "<group>"; };
		316964B1243CD67B00B2BBC3 /* AudioPlayItem.swift */ = {isa = PBXFileReference; fileEncoding = 4; lastKnownFileType = sourcecode.swift; path = AudioPlayItem.swift; sourceTree = "<group>"; };
		3174D8F022F177E4006DB79D /* PlayListViewCell.xib */ = {isa = PBXFileReference; lastKnownFileType = file.xib; path = PlayListViewCell.xib; sourceTree = "<group>"; };
		31EB902F23B08B8F009A2C88 /* AudioListViewCell.xib */ = {isa = PBXFileReference; fileEncoding = 4; lastKnownFileType = file.xib; path = AudioListViewCell.xib; sourceTree = "<group>"; };
		31EB903123B0A9C0009A2C88 /* FileListViewCell.xib */ = {isa = PBXFileReference; fileEncoding = 4; lastKnownFileType = file.xib; path = FileListViewCell.xib; sourceTree = "<group>"; };
		31EB903323B1FF58009A2C88 /* AppManageData.swift */ = {isa = PBXFileReference; fileEncoding = 4; lastKnownFileType = sourcecode.swift; path = AppManageData.swift; sourceTree = "<group>"; };
		31EB903523B20001009A2C88 /* FavoriteManageData.swift */ = {isa = PBXFileReference; fileEncoding = 4; lastKnownFileType = sourcecode.swift; path = FavoriteManageData.swift; sourceTree = "<group>"; };
		31EB903723B2003B009A2C88 /* FavoriteData.swift */ = {isa = PBXFileReference; fileEncoding = 4; lastKnownFileType = sourcecode.swift; path = FavoriteData.swift; sourceTree = "<group>"; };
		31EB903923B47884009A2C88 /* AppDataManager.swift */ = {isa = PBXFileReference; lastKnownFileType = sourcecode.swift; path = AppDataManager.swift; sourceTree = "<group>"; };
		31EB903B23B594E2009A2C88 /* FavoriteListViewController.swift */ = {isa = PBXFileReference; fileEncoding = 4; lastKnownFileType = sourcecode.swift; path = FavoriteListViewController.swift; sourceTree = "<group>"; };
		31EB903D23B5AFFF009A2C88 /* tab_favorite.png */ = {isa = PBXFileReference; lastKnownFileType = image.png; path = tab_favorite.png; sourceTree = "<group>"; };
		31EB903F23B5B201009A2C88 /* icon_favorite.png */ = {isa = PBXFileReference; lastKnownFileType = image.png; path = icon_favorite.png; sourceTree = "<group>"; };
		31EB904123C316AE009A2C88 /* InitializeViewController.swift */ = {isa = PBXFileReference; fileEncoding = 4; lastKnownFileType = sourcecode.swift; path = InitializeViewController.swift; sourceTree = "<group>"; };
		31EB904323C43E9F009A2C88 /* PlayListEditView.xib */ = {isa = PBXFileReference; fileEncoding = 4; lastKnownFileType = file.xib; path = PlayListEditView.xib; sourceTree = "<group>"; };
		31EB904523C450E1009A2C88 /* SettingViewCell.swift */ = {isa = PBXFileReference; fileEncoding = 4; lastKnownFileType = sourcecode.swift; path = SettingViewCell.swift; sourceTree = "<group>"; };
		31EB904723C451E0009A2C88 /* SettingViewCell.xib */ = {isa = PBXFileReference; fileEncoding = 4; lastKnownFileType = file.xib; path = SettingViewCell.xib; sourceTree = "<group>"; };
		31EB904923C587FE009A2C88 /* LaunchView.xib */ = {isa = PBXFileReference; fileEncoding = 4; lastKnownFileType = file.xib; path = LaunchView.xib; sourceTree = "<group>"; };
		31EB904B23C5880A009A2C88 /* LaunchView.swift */ = {isa = PBXFileReference; fileEncoding = 4; lastKnownFileType = sourcecode.swift; path = LaunchView.swift; sourceTree = "<group>"; };
		31EB904D23C58C06009A2C88 /* InitializeView.xib */ = {isa = PBXFileReference; lastKnownFileType = file.xib; path = InitializeView.xib; sourceTree = "<group>"; };
		33A1A2041E8731977E01F5D6 /* Pods-DropMusic.release.xcconfig */ = {isa = PBXFileReference; includeInIndex = 1; lastKnownFileType = text.xcconfig; name = "Pods-DropMusic.release.xcconfig"; path = "Pods/Target Support Files/Pods-DropMusic/Pods-DropMusic.release.xcconfig"; sourceTree = "<group>"; };
		4ED4CFB47C50BB9B98B4A72C /* Pods-DropMusic.debug.xcconfig */ = {isa = PBXFileReference; includeInIndex = 1; lastKnownFileType = text.xcconfig; name = "Pods-DropMusic.debug.xcconfig"; path = "Pods/Target Support Files/Pods-DropMusic/Pods-DropMusic.debug.xcconfig"; sourceTree = "<group>"; };
		D041FDFC378A8B4F452B13A2 /* Pods_DropMusic.framework */ = {isa = PBXFileReference; explicitFileType = wrapper.framework; includeInIndex = 0; path = Pods_DropMusic.framework; sourceTree = BUILT_PRODUCTS_DIR; };
/* End PBXFileReference section */

/* Begin PBXFrameworksBuildPhase section */
		05A016AB213ED0A40057B459 /* Frameworks */ = {
			isa = PBXFrameworksBuildPhase;
			buildActionMask = 2147483647;
			files = (
				648F18C27746D169254CAAE9 /* Pods_DropMusic.framework in Frameworks */,
			);
			runOnlyForDeploymentPostprocessing = 0;
		};
		05AB5F9B243D9E4100F34521 /* Frameworks */ = {
			isa = PBXFrameworksBuildPhase;
			buildActionMask = 2147483647;
			files = (
				05AB5FA0243D9E4100F34521 /* NotificationCenter.framework in Frameworks */,
				05AB5FC5243EF5C500F34521 /* Pods_DropMusic.framework in Frameworks */,
			);
			runOnlyForDeploymentPostprocessing = 0;
		};
/* End PBXFrameworksBuildPhase section */

/* Begin PBXGroup section */
		0502797821417F6E0094CC40 /* ui */ = {
			isa = PBXGroup;
			children = (
				05617F652153DD1C0025F07E /* tab_cloud.png */,
				05617F632153DD1B0025F07E /* tab_playlist.png */,
				31EB903D23B5AFFF009A2C88 /* tab_favorite.png */,
				05617F622153DD1B0025F07E /* tab_settings.png */,
				05617F642153DD1B0025F07E /* twitter.png */,
				31EB903F23B5B201009A2C88 /* icon_favorite.png */,
				05617F71215D028F0025F07E /* icon_nonshuffle.png */,
				05617F70215D028F0025F07E /* icon_shuffle.png */,
				056AF8DC214D4DF100A5E497 /* icon_playlist.png */,
				05E4B81323D0A00300DFFF63 /* icon_playlist_plus.png */,
				05841A6C224BBA4A0054E51C /* icon_menu.png */,
				05617F74215D06FD0025F07E /* icon_back.png */,
				05617F75215D06FD0025F07E /* icon_next.png */,
				056AF8D6214D416600A5E497 /* icon_repeat.png */,
				056AF8D4214D416600A5E497 /* icon_repeat_one.png */,
				056AF8C8214BFFA400A5E497 /* icon_cell_audio.png */,
				056AF8CA214BFFA400A5E497 /* icon_cell_folder.png */,
				056AF8C9214BFFA400A5E497 /* icon_cell_question.png */,
				05E4B81523D0A11B00DFFF63 /* no_image.png */,
				05617F4B215273B30025F07E /* down.png */,
				05617F49215273610025F07E /* close.png */,
				05617F4F215290250025F07E /* pause.png */,
				0533A59B214D72AE006E625A /* play.png */,
			);
			path = ui;
			sourceTree = "<group>";
		};
		05027989214809300094CC40 /* Object */ = {
			isa = PBXGroup;
			children = (
				31EB903323B1FF58009A2C88 /* AppManageData.swift */,
				05617F6A2156786B0025F07E /* PlayListManageData.swift */,
				05617F602153CC690025F07E /* PlayListData.swift */,
				31EB903523B20001009A2C88 /* FavoriteManageData.swift */,
				31EB903723B2003B009A2C88 /* FavoriteData.swift */,
				0502798A214809580094CC40 /* AudioData.swift */,
				05E10898215E7287001CC35F /* AudioMetadata.swift */,
				316964B1243CD67B00B2BBC3 /* AudioPlayItem.swift */,
				316964AF243CD67200B2BBC3 /* AudioPlayStatus.swift */,
				05027994214BE87E0094CC40 /* FileInfo.swift */,
			);
			path = Object;
			sourceTree = "<group>";
		};
		050848F521417EC300D365C7 /* Resources */ = {
			isa = PBXGroup;
			children = (
				0533A5A3214EA9DA006E625A /* icon */,
				0502797821417F6E0094CC40 /* ui */,
			);
			path = Resources;
			sourceTree = "<group>";
		};
		0533A59F214D7B60006E625A /* Extension */ = {
			isa = PBXGroup;
			children = (
				05E10895215D1286001CC35F /* Array */,
				0533A5D5215063DF006E625A /* String */,
				0533A5D2215003BB006E625A /* UIColor */,
				0533A5A0214D7B67006E625A /* UIImage */,
			);
			path = Extension;
			sourceTree = "<group>";
		};
		0533A5A0214D7B67006E625A /* UIImage */ = {
			isa = PBXGroup;
			children = (
				0533A5A1214D7B8B006E625A /* UIImage+Resize.swift */,
			);
			path = UIImage;
			sourceTree = "<group>";
		};
		0533A5A3214EA9DA006E625A /* icon */ = {
			isa = PBXGroup;
			children = (
				0533A5AE214EAAE2006E625A /* appicon-60@2x.png */,
				0533A5B0214EAAE2006E625A /* appicon-60@3x.png */,
				0533A5B2214EAAE2006E625A /* appicon-72.png */,
				0533A5B3214EAAE2006E625A /* appicon-72@2x.png */,
				0533A5B5214EAAE3006E625A /* appicon-76.png */,
				0533A5BD214EAAE3006E625A /* appicon-76@2x.png */,
				0533A5BE214EAAE3006E625A /* appicon-83.5@2x.png */,
				0533A5B6214EAAE3006E625A /* appicon-Small-40.png */,
				0533A5B7214EAAE3006E625A /* appicon-Small-40@2x.png */,
				0533A5B8214EAAE3006E625A /* appicon-Small-50.png */,
				0533A5B1214EAAE2006E625A /* appicon-Small-50@2x.png */,
				0533A5B9214EAAE3006E625A /* appicon-Small.png */,
				0533A5BA214EAAE3006E625A /* appicon-Small@2x.png */,
				0533A5BF214EAAE3006E625A /* appicon-Small@3x.png */,
				0533A5AF214EAAE2006E625A /* appicon.png */,
				0533A5BB214EAAE3006E625A /* appicon@2x.png */,
				0533A5BC214EAAE3006E625A /* iTunesArtwork */,
				0533A5B4214EAAE2006E625A /* iTunesArtwork@2x */,
			);
			path = icon;
			sourceTree = "<group>";
		};
		0533A5D2215003BB006E625A /* UIColor */ = {
			isa = PBXGroup;
			children = (
				0533A5D3215003D7006E625A /* UIColor+UIImage.swift */,
			);
			path = UIColor;
			sourceTree = "<group>";
		};
		0533A5D5215063DF006E625A /* String */ = {
			isa = PBXGroup;
			children = (
				0533A5D6215063F2006E625A /* String+Digest.swift */,
			);
			path = String;
			sourceTree = "<group>";
		};
		0533A5DF21514BDB006E625A /* Controller */ = {
			isa = PBXGroup;
			children = (
				05A016B3213ED0A40057B459 /* RootTabBarController.swift */,
				0533A5E021514C14006E625A /* AudioPlayerPresentationController.swift */,
				05E1089C216102E2001CC35F /* PlayListEditPresentationController.swift */,
			);
			path = Controller;
			sourceTree = "<group>";
		};
		05617F5D2153C8AD0025F07E /* Manager */ = {
			isa = PBXGroup;
			children = (
				31EB903923B47884009A2C88 /* AppDataManager.swift */,
				05027990214959750094CC40 /* AudioPlayManager.swift */,
				0502798E21492ED20094CC40 /* DownloadFileManager.swift */,
				05027992214BDCE30094CC40 /* DropboxFileListManager.swift */,
				05E108A821679A44001CC35F /* MetadataCacheManager.swift */,
			);
			path = Manager;
			sourceTree = "<group>";
		};
		05841A69224BB3F60054E51C /* Interface */ = {
			isa = PBXGroup;
			children = (
				31EB904923C587FE009A2C88 /* LaunchView.xib */,
				31EB904D23C58C06009A2C88 /* InitializeView.xib */,
				05841A6A224BB4290054E51C /* MusicPlayerView.xib */,
				31EB904323C43E9F009A2C88 /* PlayListEditView.xib */,
				3174D8F022F177E4006DB79D /* PlayListViewCell.xib */,
				31EB902F23B08B8F009A2C88 /* AudioListViewCell.xib */,
				31EB903123B0A9C0009A2C88 /* FileListViewCell.xib */,
				05841A70225B99930054E51C /* AudioPlayStatusView.xib */,
				31EB904723C451E0009A2C88 /* SettingViewCell.xib */,
			);
			path = Interface;
			sourceTree = "<group>";
		};
		05A016A5213ED0A40057B459 = {
			isa = PBXGroup;
			children = (
				05A016B0213ED0A40057B459 /* DropMusic */,
				050848F521417EC300D365C7 /* Resources */,
				05AB5FA1243D9E4100F34521 /* TodayExtension */,
				05A016AF213ED0A40057B459 /* Products */,
				66B9959940F605930F982B27 /* Pods */,
				796D1EF9D724E63419863BE1 /* Frameworks */,
			);
			sourceTree = "<group>";
		};
		05A016AF213ED0A40057B459 /* Products */ = {
			isa = PBXGroup;
			children = (
				05A016AE213ED0A40057B459 /* DropMusic.app */,
				05AB5F9E243D9E4100F34521 /* TodayExtension.appex */,
			);
			name = Products;
			sourceTree = "<group>";
		};
		05A016B0213ED0A40057B459 /* DropMusic */ = {
			isa = PBXGroup;
			children = (
				05AB5FB0243DA06500F34521 /* DropMusic.entitlements */,
				05841A69224BB3F60054E51C /* Interface */,
				05617F5D2153C8AD0025F07E /* Manager */,
				0533A59F214D7B60006E625A /* Extension */,
				05027989214809300094CC40 /* Object */,
				05A016C82141670D0057B459 /* View */,
				05A016C72141645C0057B459 /* ViewController */,
				0533A5DF21514BDB006E625A /* Controller */,
				05A016B1213ED0A40057B459 /* AppDelegate.swift */,
				050279832142BDA70094CC40 /* global.swift */,
				0533A5D821506479006E625A /* BridgingHeader.h */,
				05A016BA213ED0AA0057B459 /* Assets.xcassets */,
				05A016BC213ED0AA0057B459 /* LaunchScreen.storyboard */,
				05A016BF213ED0AA0057B459 /* Info.plist */,
			);
			path = DropMusic;
			sourceTree = "<group>";
		};
		05A016C72141645C0057B459 /* ViewController */ = {
			isa = PBXGroup;
			children = (
				31EB904123C316AE009A2C88 /* InitializeViewController.swift */,
				05A016C5214164300057B459 /* MusicPlayerViewController.swift */,
				31EB903B23B594E2009A2C88 /* FavoriteListViewController.swift */,
				0502797E2142AFA40094CC40 /* FileListViewController.swift */,
				0502797D2142AFA40094CC40 /* PlayListViewController.swift */,
				05E108A22164FCFC001CC35F /* PlayListSelectViewController.swift */,
				05E108A421650B11001CC35F /* AudioListViewController.swift */,
				05E1089E216106B8001CC35F /* PlayListEditViewController.swift */,
				0502797F2142AFA50094CC40 /* SettingsViewController.swift */,
			);
			path = ViewController;
			sourceTree = "<group>";
		};
		05A016C82141670D0057B459 /* View */ = {
			isa = PBXGroup;
			children = (
				31EB904B23C5880A009A2C88 /* LaunchView.swift */,
				0502798C21480B9F0094CC40 /* FileListViewCell.swift */,
				05E108A621650C78001CC35F /* AudioListViewCell.swift */,
				05617F5E2153C99B0025F07E /* PlayListViewCell.swift */,
				0533A5D921513E09006E625A /* AudioPlayStatusView.swift */,
				31EB904523C450E1009A2C88 /* SettingViewCell.swift */,
			);
			path = View;
			sourceTree = "<group>";
		};
		05AB5FA1243D9E4100F34521 /* TodayExtension */ = {
			isa = PBXGroup;
			children = (
				05AB5FAF243DA04500F34521 /* TodayExtension.entitlements */,
				05AB5FA2243D9E4100F34521 /* TodayViewController.swift */,
				05AB5FBD243E107D00F34521 /* TodayExtensionData.swift */,
				05AB5FA4243D9E4100F34521 /* MainInterface.storyboard */,
				05AB5FA7243D9E4100F34521 /* Info.plist */,
			);
			path = TodayExtension;
			sourceTree = "<group>";
		};
		05E10895215D1286001CC35F /* Array */ = {
			isa = PBXGroup;
			children = (
				05E10896215D12BB001CC35F /* Array+Shuffle.swift */,
			);
			path = Array;
			sourceTree = "<group>";
		};
		66B9959940F605930F982B27 /* Pods */ = {
			isa = PBXGroup;
			children = (
				4ED4CFB47C50BB9B98B4A72C /* Pods-DropMusic.debug.xcconfig */,
				33A1A2041E8731977E01F5D6 /* Pods-DropMusic.release.xcconfig */,
			);
			name = Pods;
			sourceTree = "<group>";
		};
		796D1EF9D724E63419863BE1 /* Frameworks */ = {
			isa = PBXGroup;
			children = (
				05AB5FC4243EF5C500F34521 /* Pods_DropMusic.framework */,
				05AB5FC0243EF59300F34521 /* MarqueeLabel.framework */,
				05AB5FBB243DD5F600F34521 /* Pods_DropMusic.framework */,
				05617F562152967A0025F07E /* QuartzCore.framework */,
				D041FDFC378A8B4F452B13A2 /* Pods_DropMusic.framework */,
				05AB5F9F243D9E4100F34521 /* NotificationCenter.framework */,
			);
			name = Frameworks;
			sourceTree = "<group>";
		};
/* End PBXGroup section */

/* Begin PBXNativeTarget section */
		05A016AD213ED0A40057B459 /* DropMusic */ = {
			isa = PBXNativeTarget;
			buildConfigurationList = 05A016C2213ED0AA0057B459 /* Build configuration list for PBXNativeTarget "DropMusic" */;
			buildPhases = (
				1F9AB30924ADBD1E7478EBBA /* [CP] Check Pods Manifest.lock */,
				05A016AA213ED0A40057B459 /* Sources */,
				05A016AB213ED0A40057B459 /* Frameworks */,
				05A016AC213ED0A40057B459 /* Resources */,
				E972D711799F4E6DA4FC8A05 /* [CP] Embed Pods Frameworks */,
				77027347F72CF0AAC86FC3C3 /* [CP] Copy Pods Resources */,
				05AB5FAB243D9E4100F34521 /* Embed App Extensions */,
			);
			buildRules = (
			);
			dependencies = (
				05AB5FA9243D9E4100F34521 /* PBXTargetDependency */,
			);
			name = DropMusic;
			productName = DropMusic;
			productReference = 05A016AE213ED0A40057B459 /* DropMusic.app */;
			productType = "com.apple.product-type.application";
		};
		05AB5F9D243D9E4100F34521 /* TodayExtension */ = {
			isa = PBXNativeTarget;
			buildConfigurationList = 05AB5FAE243D9E4100F34521 /* Build configuration list for PBXNativeTarget "TodayExtension" */;
			buildPhases = (
				05AB5F9A243D9E4100F34521 /* Sources */,
				05AB5F9B243D9E4100F34521 /* Frameworks */,
				05AB5F9C243D9E4100F34521 /* Resources */,
			);
			buildRules = (
			);
			dependencies = (
			);
			name = TodayExtension;
			productName = TodayExtension;
			productReference = 05AB5F9E243D9E4100F34521 /* TodayExtension.appex */;
			productType = "com.apple.product-type.app-extension";
		};
/* End PBXNativeTarget section */

/* Begin PBXProject section */
		05A016A6213ED0A40057B459 /* Project object */ = {
			isa = PBXProject;
			attributes = {
				LastSwiftUpdateCheck = 1130;
				LastUpgradeCheck = 0940;
				ORGANIZATIONNAME = n.yuuya;
				TargetAttributes = {
					05A016AD213ED0A40057B459 = {
						CreatedOnToolsVersion = 9.4.1;
						SystemCapabilities = {
							com.apple.BackgroundModes = {
								enabled = 1;
							};
						};
					};
					05AB5F9D243D9E4100F34521 = {
						CreatedOnToolsVersion = 11.3.1;
					};
				};
			};
			buildConfigurationList = 05A016A9213ED0A40057B459 /* Build configuration list for PBXProject "DropMusic" */;
			compatibilityVersion = "Xcode 9.3";
			developmentRegion = en;
			hasScannedForEncodings = 0;
			knownRegions = (
				en,
				Base,
			);
			mainGroup = 05A016A5213ED0A40057B459;
			productRefGroup = 05A016AF213ED0A40057B459 /* Products */;
			projectDirPath = "";
			projectRoot = "";
			targets = (
				05A016AD213ED0A40057B459 /* DropMusic */,
				05AB5F9D243D9E4100F34521 /* TodayExtension */,
			);
		};
/* End PBXProject section */

/* Begin PBXResourcesBuildPhase section */
		05A016AC213ED0A40057B459 /* Resources */ = {
			isa = PBXResourcesBuildPhase;
			buildActionMask = 2147483647;
			files = (
				0533A5C3214EAAE3006E625A /* appicon-Small-50@2x.png in Resources */,
				05617F662153DD1C0025F07E /* tab_settings.png in Resources */,
				0533A5CE214EAAE3006E625A /* iTunesArtwork in Resources */,
				0533A5C4214EAAE3006E625A /* appicon-72.png in Resources */,
				056AF8D9214D416600A5E497 /* icon_repeat.png in Resources */,
				0533A5CF214EAAE3006E625A /* appicon-76@2x.png in Resources */,
				0533A5C1214EAAE3006E625A /* appicon.png in Resources */,
				05617F682153DD1C0025F07E /* twitter.png in Resources */,
				31EB904423C43EA0009A2C88 /* PlayListEditView.xib in Resources */,
				3174D8F122F177E4006DB79D /* PlayListViewCell.xib in Resources */,
				0533A5CD214EAAE3006E625A /* appicon@2x.png in Resources */,
				0533A59D214D72AE006E625A /* play.png in Resources */,
				0533A5D1214EAAE3006E625A /* appicon-Small@3x.png in Resources */,
				31EB904023B5B201009A2C88 /* icon_favorite.png in Resources */,
				05E4B81423D0A00300DFFF63 /* icon_playlist_plus.png in Resources */,
				0533A5C7214EAAE3006E625A /* appicon-76.png in Resources */,
				31EB904823C451E0009A2C88 /* SettingViewCell.xib in Resources */,
				0533A5D0214EAAE3006E625A /* appicon-83.5@2x.png in Resources */,
				05841A6B224BB4290054E51C /* MusicPlayerView.xib in Resources */,
				05617F73215D02900025F07E /* icon_nonshuffle.png in Resources */,
				05A016BE213ED0AA0057B459 /* LaunchScreen.storyboard in Resources */,
				05617F77215D06FD0025F07E /* icon_next.png in Resources */,
				0533A5C0214EAAE3006E625A /* appicon-60@2x.png in Resources */,
				0533A5C8214EAAE3006E625A /* appicon-Small-40.png in Resources */,
				0533A5CC214EAAE3006E625A /* appicon-Small@2x.png in Resources */,
				05617F4A215273620025F07E /* close.png in Resources */,
				05617F672153DD1C0025F07E /* tab_playlist.png in Resources */,
				31EB904A23C587FF009A2C88 /* LaunchView.xib in Resources */,
				31EB903E23B5B000009A2C88 /* tab_favorite.png in Resources */,
				0533A5C5214EAAE3006E625A /* appicon-72@2x.png in Resources */,
				05E4B81623D0A11B00DFFF63 /* no_image.png in Resources */,
				05617F692153DD1C0025F07E /* tab_cloud.png in Resources */,
				05617F4C215273B30025F07E /* down.png in Resources */,
				056AF8CC214BFFA400A5E497 /* icon_cell_question.png in Resources */,
				0533A5C2214EAAE3006E625A /* appicon-60@3x.png in Resources */,
				0533A5C6214EAAE3006E625A /* iTunesArtwork@2x in Resources */,
				05841A71225B99930054E51C /* AudioPlayStatusView.xib in Resources */,
				31EB904E23C58C06009A2C88 /* InitializeView.xib in Resources */,
				0533A5C9214EAAE3006E625A /* appicon-Small-40@2x.png in Resources */,
				05841A6D224BBA4B0054E51C /* icon_menu.png in Resources */,
				05A016BB213ED0AA0057B459 /* Assets.xcassets in Resources */,
				31EB903223B0A9C0009A2C88 /* FileListViewCell.xib in Resources */,
				31EB903023B08B90009A2C88 /* AudioListViewCell.xib in Resources */,
				056AF8CD214BFFA400A5E497 /* icon_cell_folder.png in Resources */,
				05617F50215290250025F07E /* pause.png in Resources */,
				056AF8D7214D416600A5E497 /* icon_repeat_one.png in Resources */,
				0533A5CB214EAAE3006E625A /* appicon-Small.png in Resources */,
				05617F76215D06FD0025F07E /* icon_back.png in Resources */,
				05617F72215D02900025F07E /* icon_shuffle.png in Resources */,
				056AF8CB214BFFA400A5E497 /* icon_cell_audio.png in Resources */,
				056AF8DD214D4DF100A5E497 /* icon_playlist.png in Resources */,
				0533A5CA214EAAE3006E625A /* appicon-Small-50.png in Resources */,
			);
			runOnlyForDeploymentPostprocessing = 0;
		};
		05AB5F9C243D9E4100F34521 /* Resources */ = {
			isa = PBXResourcesBuildPhase;
			buildActionMask = 2147483647;
			files = (
				05AB5FA6243D9E4100F34521 /* MainInterface.storyboard in Resources */,
			);
			runOnlyForDeploymentPostprocessing = 0;
		};
/* End PBXResourcesBuildPhase section */

/* Begin PBXShellScriptBuildPhase section */
		1F9AB30924ADBD1E7478EBBA /* [CP] Check Pods Manifest.lock */ = {
			isa = PBXShellScriptBuildPhase;
			buildActionMask = 2147483647;
			files = (
			);
			inputPaths = (
				"${PODS_PODFILE_DIR_PATH}/Podfile.lock",
				"${PODS_ROOT}/Manifest.lock",
			);
			name = "[CP] Check Pods Manifest.lock";
			outputPaths = (
				"$(DERIVED_FILE_DIR)/Pods-DropMusic-checkManifestLockResult.txt",
			);
			runOnlyForDeploymentPostprocessing = 0;
			shellPath = /bin/sh;
			shellScript = "diff \"${PODS_PODFILE_DIR_PATH}/Podfile.lock\" \"${PODS_ROOT}/Manifest.lock\" > /dev/null\nif [ $? != 0 ] ; then\n    # print error to STDERR\n    echo \"error: The sandbox is not in sync with the Podfile.lock. Run 'pod install' or update your CocoaPods installation.\" >&2\n    exit 1\nfi\n# This output is used by Xcode 'outputs' to avoid re-running this script phase.\necho \"SUCCESS\" > \"${SCRIPT_OUTPUT_FILE_0}\"\n";
			showEnvVarsInLog = 0;
		};
		77027347F72CF0AAC86FC3C3 /* [CP] Copy Pods Resources */ = {
			isa = PBXShellScriptBuildPhase;
			buildActionMask = 2147483647;
			files = (
			);
			inputPaths = (
				"${SRCROOT}/Pods/Target Support Files/Pods-DropMusic/Pods-DropMusic-resources.sh",
				"${PODS_ROOT}/TwitterKit/iOS/TwitterKit.framework/TwitterKitResources.bundle",
			);
			name = "[CP] Copy Pods Resources";
			outputPaths = (
				"${TARGET_BUILD_DIR}/${UNLOCALIZED_RESOURCES_FOLDER_PATH}/TwitterKitResources.bundle",
			);
			runOnlyForDeploymentPostprocessing = 0;
			shellPath = /bin/sh;
			shellScript = "\"${SRCROOT}/Pods/Target Support Files/Pods-DropMusic/Pods-DropMusic-resources.sh\"\n";
			showEnvVarsInLog = 0;
		};
		E972D711799F4E6DA4FC8A05 /* [CP] Embed Pods Frameworks */ = {
			isa = PBXShellScriptBuildPhase;
			buildActionMask = 2147483647;
			files = (
			);
			inputPaths = (
				"${SRCROOT}/Pods/Target Support Files/Pods-DropMusic/Pods-DropMusic-frameworks.sh",
				"${BUILT_PRODUCTS_DIR}/Alamofire/Alamofire.framework",
				"${BUILT_PRODUCTS_DIR}/MarqueeLabel/MarqueeLabel.framework",
				"${BUILT_PRODUCTS_DIR}/SwiftyDropbox/SwiftyDropbox.framework",
				"${PODS_ROOT}/TwitterCore/iOS/TwitterCore.framework",
				"${PODS_ROOT}/TwitterKit/iOS/TwitterKit.framework",
			);
			name = "[CP] Embed Pods Frameworks";
			outputPaths = (
				"${TARGET_BUILD_DIR}/${FRAMEWORKS_FOLDER_PATH}/Alamofire.framework",
				"${TARGET_BUILD_DIR}/${FRAMEWORKS_FOLDER_PATH}/MarqueeLabel.framework",
				"${TARGET_BUILD_DIR}/${FRAMEWORKS_FOLDER_PATH}/SwiftyDropbox.framework",
				"${TARGET_BUILD_DIR}/${FRAMEWORKS_FOLDER_PATH}/TwitterCore.framework",
				"${TARGET_BUILD_DIR}/${FRAMEWORKS_FOLDER_PATH}/TwitterKit.framework",
			);
			runOnlyForDeploymentPostprocessing = 0;
			shellPath = /bin/sh;
			shellScript = "\"${SRCROOT}/Pods/Target Support Files/Pods-DropMusic/Pods-DropMusic-frameworks.sh\"\n";
			showEnvVarsInLog = 0;
		};
/* End PBXShellScriptBuildPhase section */

/* Begin PBXSourcesBuildPhase section */
		05A016AA213ED0A40057B459 /* Sources */ = {
			isa = PBXSourcesBuildPhase;
			buildActionMask = 2147483647;
			files = (
				050279842142BDA70094CC40 /* global.swift in Sources */,
				0533A5D7215063F2006E625A /* String+Digest.swift in Sources */,
				050279802142AFA50094CC40 /* PlayListViewController.swift in Sources */,
				0533A5DA21513E09006E625A /* AudioPlayStatusView.swift in Sources */,
				31EB903623B20002009A2C88 /* FavoriteManageData.swift in Sources */,
				0502798F21492ED20094CC40 /* DownloadFileManager.swift in Sources */,
				05E108A921679A44001CC35F /* MetadataCacheManager.swift in Sources */,
				0502798B214809580094CC40 /* AudioData.swift in Sources */,
				05A016B2213ED0A40057B459 /* AppDelegate.swift in Sources */,
				31EB904C23C5880B009A2C88 /* LaunchView.swift in Sources */,
				05E10897215D12BB001CC35F /* Array+Shuffle.swift in Sources */,
				05E108A521650B11001CC35F /* AudioListViewController.swift in Sources */,
				0533A5D4215003D7006E625A /* UIColor+UIImage.swift in Sources */,
				05027995214BE87E0094CC40 /* FileInfo.swift in Sources */,
				0502798D21480BA00094CC40 /* FileListViewCell.swift in Sources */,
				05617F6B2156786B0025F07E /* PlayListManageData.swift in Sources */,
				31EB904223C316AF009A2C88 /* InitializeViewController.swift in Sources */,
				31EB903A23B47885009A2C88 /* AppDataManager.swift in Sources */,
				05E108A32164FCFC001CC35F /* PlayListSelectViewController.swift in Sources */,
				05AB5FBE243E107E00F34521 /* TodayExtensionData.swift in Sources */,
				05E108A721650C79001CC35F /* AudioListViewCell.swift in Sources */,
				316964B0243CD67200B2BBC3 /* AudioPlayStatus.swift in Sources */,
				05E1089D216102E2001CC35F /* PlayListEditPresentationController.swift in Sources */,
				31EB903C23B594E3009A2C88 /* FavoriteListViewController.swift in Sources */,
				31EB904623C450E2009A2C88 /* SettingViewCell.swift in Sources */,
				050279812142AFA50094CC40 /* FileListViewController.swift in Sources */,
				05027991214959750094CC40 /* AudioPlayManager.swift in Sources */,
				05617F612153CC690025F07E /* PlayListData.swift in Sources */,
				05A016C6214164300057B459 /* MusicPlayerViewController.swift in Sources */,
				05A016B4213ED0A40057B459 /* RootTabBarController.swift in Sources */,
				05E1089F216106B8001CC35F /* PlayListEditViewController.swift in Sources */,
				05617F5F2153C99B0025F07E /* PlayListViewCell.swift in Sources */,
				0533A5A2214D7B8B006E625A /* UIImage+Resize.swift in Sources */,
				05027993214BDCE30094CC40 /* DropboxFileListManager.swift in Sources */,
				31EB903823B2003B009A2C88 /* FavoriteData.swift in Sources */,
				0533A5E121514C14006E625A /* AudioPlayerPresentationController.swift in Sources */,
				316964B2243CD67C00B2BBC3 /* AudioPlayItem.swift in Sources */,
				050279822142AFA50094CC40 /* SettingsViewController.swift in Sources */,
				05E10899215E7287001CC35F /* AudioMetadata.swift in Sources */,
				31EB903423B1FF59009A2C88 /* AppManageData.swift in Sources */,
			);
			runOnlyForDeploymentPostprocessing = 0;
		};
		05AB5F9A243D9E4100F34521 /* Sources */ = {
			isa = PBXSourcesBuildPhase;
			buildActionMask = 2147483647;
			files = (
				05AB5FA3243D9E4100F34521 /* TodayViewController.swift in Sources */,
				05AB5FBF243E107E00F34521 /* TodayExtensionData.swift in Sources */,
			);
			runOnlyForDeploymentPostprocessing = 0;
		};
/* End PBXSourcesBuildPhase section */

/* Begin PBXTargetDependency section */
		05AB5FA9243D9E4100F34521 /* PBXTargetDependency */ = {
			isa = PBXTargetDependency;
			target = 05AB5F9D243D9E4100F34521 /* TodayExtension */;
			targetProxy = 05AB5FA8243D9E4100F34521 /* PBXContainerItemProxy */;
		};
/* End PBXTargetDependency section */

/* Begin PBXVariantGroup section */
		05A016BC213ED0AA0057B459 /* LaunchScreen.storyboard */ = {
			isa = PBXVariantGroup;
			children = (
				05A016BD213ED0AA0057B459 /* Base */,
			);
			name = LaunchScreen.storyboard;
			sourceTree = "<group>";
		};
		05AB5FA4243D9E4100F34521 /* MainInterface.storyboard */ = {
			isa = PBXVariantGroup;
			children = (
				05AB5FA5243D9E4100F34521 /* Base */,
			);
			name = MainInterface.storyboard;
			sourceTree = "<group>";
		};
/* End PBXVariantGroup section */

/* Begin XCBuildConfiguration section */
		05A016C0213ED0AA0057B459 /* Debug */ = {
			isa = XCBuildConfiguration;
			buildSettings = {
				ALWAYS_SEARCH_USER_PATHS = NO;
				CLANG_ANALYZER_NONNULL = YES;
				CLANG_ANALYZER_NUMBER_OBJECT_CONVERSION = YES_AGGRESSIVE;
				CLANG_CXX_LANGUAGE_STANDARD = "gnu++14";
				CLANG_CXX_LIBRARY = "libc++";
				CLANG_ENABLE_MODULES = YES;
				CLANG_ENABLE_OBJC_ARC = YES;
				CLANG_ENABLE_OBJC_WEAK = YES;
				CLANG_WARN_BLOCK_CAPTURE_AUTORELEASING = YES;
				CLANG_WARN_BOOL_CONVERSION = YES;
				CLANG_WARN_COMMA = YES;
				CLANG_WARN_CONSTANT_CONVERSION = YES;
				CLANG_WARN_DEPRECATED_OBJC_IMPLEMENTATIONS = YES;
				CLANG_WARN_DIRECT_OBJC_ISA_USAGE = YES_ERROR;
				CLANG_WARN_DOCUMENTATION_COMMENTS = YES;
				CLANG_WARN_EMPTY_BODY = YES;
				CLANG_WARN_ENUM_CONVERSION = YES;
				CLANG_WARN_INFINITE_RECURSION = YES;
				CLANG_WARN_INT_CONVERSION = YES;
				CLANG_WARN_NON_LITERAL_NULL_CONVERSION = YES;
				CLANG_WARN_OBJC_IMPLICIT_RETAIN_SELF = YES;
				CLANG_WARN_OBJC_LITERAL_CONVERSION = YES;
				CLANG_WARN_OBJC_ROOT_CLASS = YES_ERROR;
				CLANG_WARN_RANGE_LOOP_ANALYSIS = YES;
				CLANG_WARN_STRICT_PROTOTYPES = YES;
				CLANG_WARN_SUSPICIOUS_MOVE = YES;
				CLANG_WARN_UNGUARDED_AVAILABILITY = YES_AGGRESSIVE;
				CLANG_WARN_UNREACHABLE_CODE = YES;
				CLANG_WARN__DUPLICATE_METHOD_MATCH = YES;
				CODE_SIGN_IDENTITY = "iPhone Developer";
				COPY_PHASE_STRIP = NO;
				DEBUG_INFORMATION_FORMAT = dwarf;
				ENABLE_STRICT_OBJC_MSGSEND = YES;
				ENABLE_TESTABILITY = YES;
				GCC_C_LANGUAGE_STANDARD = gnu11;
				GCC_DYNAMIC_NO_PIC = NO;
				GCC_NO_COMMON_BLOCKS = YES;
				GCC_OPTIMIZATION_LEVEL = 0;
				GCC_PREPROCESSOR_DEFINITIONS = (
					"DEBUG=1",
					"$(inherited)",
				);
				GCC_WARN_64_TO_32_BIT_CONVERSION = YES;
				GCC_WARN_ABOUT_RETURN_TYPE = YES_ERROR;
				GCC_WARN_UNDECLARED_SELECTOR = YES;
				GCC_WARN_UNINITIALIZED_AUTOS = YES_AGGRESSIVE;
				GCC_WARN_UNUSED_FUNCTION = YES;
				GCC_WARN_UNUSED_VARIABLE = YES;
				IPHONEOS_DEPLOYMENT_TARGET = 11.4;
				MTL_ENABLE_DEBUG_INFO = YES;
				ONLY_ACTIVE_ARCH = YES;
				SDKROOT = iphoneos;
				SWIFT_ACTIVE_COMPILATION_CONDITIONS = DEBUG;
				SWIFT_OPTIMIZATION_LEVEL = "-Onone";
			};
			name = Debug;
		};
		05A016C1213ED0AA0057B459 /* Release */ = {
			isa = XCBuildConfiguration;
			buildSettings = {
				ALWAYS_SEARCH_USER_PATHS = NO;
				CLANG_ANALYZER_NONNULL = YES;
				CLANG_ANALYZER_NUMBER_OBJECT_CONVERSION = YES_AGGRESSIVE;
				CLANG_CXX_LANGUAGE_STANDARD = "gnu++14";
				CLANG_CXX_LIBRARY = "libc++";
				CLANG_ENABLE_MODULES = YES;
				CLANG_ENABLE_OBJC_ARC = YES;
				CLANG_ENABLE_OBJC_WEAK = YES;
				CLANG_WARN_BLOCK_CAPTURE_AUTORELEASING = YES;
				CLANG_WARN_BOOL_CONVERSION = YES;
				CLANG_WARN_COMMA = YES;
				CLANG_WARN_CONSTANT_CONVERSION = YES;
				CLANG_WARN_DEPRECATED_OBJC_IMPLEMENTATIONS = YES;
				CLANG_WARN_DIRECT_OBJC_ISA_USAGE = YES_ERROR;
				CLANG_WARN_DOCUMENTATION_COMMENTS = YES;
				CLANG_WARN_EMPTY_BODY = YES;
				CLANG_WARN_ENUM_CONVERSION = YES;
				CLANG_WARN_INFINITE_RECURSION = YES;
				CLANG_WARN_INT_CONVERSION = YES;
				CLANG_WARN_NON_LITERAL_NULL_CONVERSION = YES;
				CLANG_WARN_OBJC_IMPLICIT_RETAIN_SELF = YES;
				CLANG_WARN_OBJC_LITERAL_CONVERSION = YES;
				CLANG_WARN_OBJC_ROOT_CLASS = YES_ERROR;
				CLANG_WARN_RANGE_LOOP_ANALYSIS = YES;
				CLANG_WARN_STRICT_PROTOTYPES = YES;
				CLANG_WARN_SUSPICIOUS_MOVE = YES;
				CLANG_WARN_UNGUARDED_AVAILABILITY = YES_AGGRESSIVE;
				CLANG_WARN_UNREACHABLE_CODE = YES;
				CLANG_WARN__DUPLICATE_METHOD_MATCH = YES;
				CODE_SIGN_IDENTITY = "iPhone Developer";
				COPY_PHASE_STRIP = NO;
				DEBUG_INFORMATION_FORMAT = "dwarf-with-dsym";
				ENABLE_NS_ASSERTIONS = NO;
				ENABLE_STRICT_OBJC_MSGSEND = YES;
				GCC_C_LANGUAGE_STANDARD = gnu11;
				GCC_NO_COMMON_BLOCKS = YES;
				GCC_WARN_64_TO_32_BIT_CONVERSION = YES;
				GCC_WARN_ABOUT_RETURN_TYPE = YES_ERROR;
				GCC_WARN_UNDECLARED_SELECTOR = YES;
				GCC_WARN_UNINITIALIZED_AUTOS = YES_AGGRESSIVE;
				GCC_WARN_UNUSED_FUNCTION = YES;
				GCC_WARN_UNUSED_VARIABLE = YES;
				IPHONEOS_DEPLOYMENT_TARGET = 11.4;
				MTL_ENABLE_DEBUG_INFO = NO;
				SDKROOT = iphoneos;
				SWIFT_COMPILATION_MODE = wholemodule;
				SWIFT_OPTIMIZATION_LEVEL = "-O";
				VALIDATE_PRODUCT = YES;
			};
			name = Release;
		};
		05A016C3213ED0AA0057B459 /* Debug */ = {
			isa = XCBuildConfiguration;
			baseConfigurationReference = 4ED4CFB47C50BB9B98B4A72C /* Pods-DropMusic.debug.xcconfig */;
			buildSettings = {
				ALWAYS_EMBED_SWIFT_STANDARD_LIBRARIES = YES;
				ASSETCATALOG_COMPILER_APPICON_NAME = AppIcon;
				CODE_SIGN_ENTITLEMENTS = DropMusic/DropMusic.entitlements;
				CODE_SIGN_IDENTITY = "iPhone Developer";
				CODE_SIGN_STYLE = Automatic;
				DEVELOPMENT_TEAM = 6BQK829PNM;
				INFOPLIST_FILE = DropMusic/Info.plist;
				IPHONEOS_DEPLOYMENT_TARGET = 10.0;
				LD_RUNPATH_SEARCH_PATHS = (
					"$(inherited)",
					"@executable_path/Frameworks",
				);
				PRODUCT_BUNDLE_IDENTIFIER = app.yn.DropMusic;
				PRODUCT_NAME = "$(TARGET_NAME)";
				PROVISIONING_PROFILE_SPECIFIER = "";
				SWIFT_OBJC_BRIDGING_HEADER = Dropmusic/BridgingHeader.h;
				SWIFT_VERSION = 4.0;
				TARGETED_DEVICE_FAMILY = "1,2";
			};
			name = Debug;
		};
		05A016C4213ED0AA0057B459 /* Release */ = {
			isa = XCBuildConfiguration;
			baseConfigurationReference = 33A1A2041E8731977E01F5D6 /* Pods-DropMusic.release.xcconfig */;
			buildSettings = {
				ALWAYS_EMBED_SWIFT_STANDARD_LIBRARIES = YES;
				ASSETCATALOG_COMPILER_APPICON_NAME = AppIcon;
				CODE_SIGN_ENTITLEMENTS = DropMusic/DropMusic.entitlements;
				CODE_SIGN_IDENTITY = "iPhone Developer";
				CODE_SIGN_STYLE = Automatic;
				DEVELOPMENT_TEAM = 6BQK829PNM;
				INFOPLIST_FILE = DropMusic/Info.plist;
				IPHONEOS_DEPLOYMENT_TARGET = 10.0;
				LD_RUNPATH_SEARCH_PATHS = (
					"$(inherited)",
					"@executable_path/Frameworks",
				);
				PRODUCT_BUNDLE_IDENTIFIER = app.yn.DropMusic;
				PRODUCT_NAME = "$(TARGET_NAME)";
				PROVISIONING_PROFILE_SPECIFIER = "";
				SWIFT_OBJC_BRIDGING_HEADER = Dropmusic/BridgingHeader.h;
				SWIFT_VERSION = 4.0;
				TARGETED_DEVICE_FAMILY = "1,2";
			};
			name = Release;
		};
		05AB5FAC243D9E4100F34521 /* Debug */ = {
			isa = XCBuildConfiguration;
			buildSettings = {
				CODE_SIGN_ENTITLEMENTS = TodayExtension/TodayExtension.entitlements;
				CODE_SIGN_IDENTITY = "iPhone Developer";
				CODE_SIGN_STYLE = Automatic;
				DEVELOPMENT_TEAM = 6BQK829PNM;
				INFOPLIST_FILE = TodayExtension/Info.plist;
				IPHONEOS_DEPLOYMENT_TARGET = 13.2;
				LD_RUNPATH_SEARCH_PATHS = (
					"$(inherited)",
					"@executable_path/Frameworks",
					"@executable_path/../../Frameworks",
				);
				MTL_ENABLE_DEBUG_INFO = INCLUDE_SOURCE;
				MTL_FAST_MATH = YES;
				PRODUCT_BUNDLE_IDENTIFIER = app.yn.DropMusic.TodayExtension;
				PRODUCT_NAME = "$(TARGET_NAME)";
				SKIP_INSTALL = YES;
				SWIFT_VERSION = 4.0;
				TARGETED_DEVICE_FAMILY = "1,2";
			};
			name = Debug;
		};
		05AB5FAD243D9E4100F34521 /* Release */ = {
			isa = XCBuildConfiguration;
			buildSettings = {
				CODE_SIGN_ENTITLEMENTS = TodayExtension/TodayExtension.entitlements;
				CODE_SIGN_IDENTITY = "iPhone Developer";
				CODE_SIGN_STYLE = Automatic;
				DEVELOPMENT_TEAM = 6BQK829PNM;
				INFOPLIST_FILE = TodayExtension/Info.plist;
				IPHONEOS_DEPLOYMENT_TARGET = 13.2;
				LD_RUNPATH_SEARCH_PATHS = (
					"$(inherited)",
					"@executable_path/Frameworks",
					"@executable_path/../../Frameworks",
				);
				MTL_FAST_MATH = YES;
				PRODUCT_BUNDLE_IDENTIFIER = app.yn.DropMusic.TodayExtension;
				PRODUCT_NAME = "$(TARGET_NAME)";
				SKIP_INSTALL = YES;
				SWIFT_VERSION = 4.0;
				TARGETED_DEVICE_FAMILY = "1,2";
			};
			name = Release;
		};
/* End XCBuildConfiguration section */

/* Begin XCConfigurationList section */
		05A016A9213ED0A40057B459 /* Build configuration list for PBXProject "DropMusic" */ = {
			isa = XCConfigurationList;
			buildConfigurations = (
				05A016C0213ED0AA0057B459 /* Debug */,
				05A016C1213ED0AA0057B459 /* Release */,
			);
			defaultConfigurationIsVisible = 0;
			defaultConfigurationName = Release;
		};
		05A016C2213ED0AA0057B459 /* Build configuration list for PBXNativeTarget "DropMusic" */ = {
			isa = XCConfigurationList;
			buildConfigurations = (
				05A016C3213ED0AA0057B459 /* Debug */,
				05A016C4213ED0AA0057B459 /* Release */,
			);
			defaultConfigurationIsVisible = 0;
			defaultConfigurationName = Release;
		};
		05AB5FAE243D9E4100F34521 /* Build configuration list for PBXNativeTarget "TodayExtension" */ = {
			isa = XCConfigurationList;
			buildConfigurations = (
				05AB5FAC243D9E4100F34521 /* Debug */,
				05AB5FAD243D9E4100F34521 /* Release */,
			);
			defaultConfigurationIsVisible = 0;
			defaultConfigurationName = Release;
		};
/* End XCConfigurationList section */
	};
	rootObject = 05A016A6213ED0A40057B459 /* Project object */;
}
